// !$*UTF8*$!
{
	archiveVersion = 1;
	classes = {
	};
	objectVersion = 56;
	objects = {

/* Begin PBXBuildFile section */
		ED6D379D2AE8741E00BCF20B /* MeaningVC.swift in Sources */ = {isa = PBXBuildFile; fileRef = ED6D379C2AE8741E00BCF20B /* MeaningVC.swift */; };
		EDA43EF42AE5EE0D00AF875F /* AppDelegate.swift in Sources */ = {isa = PBXBuildFile; fileRef = EDA43EF32AE5EE0D00AF875F /* AppDelegate.swift */; };
		EDA43EF62AE5EE0D00AF875F /* SceneDelegate.swift in Sources */ = {isa = PBXBuildFile; fileRef = EDA43EF52AE5EE0D00AF875F /* SceneDelegate.swift */; };
		EDA43EF82AE5EE0D00AF875F /* MainVC.swift in Sources */ = {isa = PBXBuildFile; fileRef = EDA43EF72AE5EE0D00AF875F /* MainVC.swift */; };
		EDA43EFB2AE5EE0D00AF875F /* Main.storyboard in Resources */ = {isa = PBXBuildFile; fileRef = EDA43EF92AE5EE0D00AF875F /* Main.storyboard */; };
		EDA43EFE2AE5EE0D00AF875F /* LearnNewWordsApp.xcdatamodeld in Sources */ = {isa = PBXBuildFile; fileRef = EDA43EFC2AE5EE0D00AF875F /* LearnNewWordsApp.xcdatamodeld */; };
		EDA43F002AE5EE0F00AF875F /* Assets.xcassets in Resources */ = {isa = PBXBuildFile; fileRef = EDA43EFF2AE5EE0F00AF875F /* Assets.xcassets */; };
		EDA43F032AE5EE0F00AF875F /* LaunchScreen.storyboard in Resources */ = {isa = PBXBuildFile; fileRef = EDA43F012AE5EE0F00AF875F /* LaunchScreen.storyboard */; };
		EDA43F0F2AE5F6C600AF875F /* WordModel.swift in Sources */ = {isa = PBXBuildFile; fileRef = EDA43F0E2AE5F6C600AF875F /* WordModel.swift */; };
		EDA43F112AE6937D00AF875F /* CoreDataService.swift in Sources */ = {isa = PBXBuildFile; fileRef = EDA43F102AE6937D00AF875F /* CoreDataService.swift */; };
		EDA43F1C2AE696D700AF875F /* Words+CoreDataClass.swift in Sources */ = {isa = PBXBuildFile; fileRef = EDA43F1A2AE696D700AF875F /* Words+CoreDataClass.swift */; };
		EDA43F1D2AE696D700AF875F /* Words+CoreDataProperties.swift in Sources */ = {isa = PBXBuildFile; fileRef = EDA43F1B2AE696D700AF875F /* Words+CoreDataProperties.swift */; };
		EDA43F1F2AE6C63300AF875F /* AddAWordVC.swift in Sources */ = {isa = PBXBuildFile; fileRef = EDA43F1E2AE6C63300AF875F /* AddAWordVC.swift */; };
		EDA43F212AE6EE5500AF875F /* WordModelView.swift in Sources */ = {isa = PBXBuildFile; fileRef = EDA43F202AE6EE5500AF875F /* WordModelView.swift */; };
		EDA43F252AE856E300AF875F /* SavedWordsListVC.swift in Sources */ = {isa = PBXBuildFile; fileRef = EDA43F242AE856E300AF875F /* SavedWordsListVC.swift */; };
/* End PBXBuildFile section */

/* Begin PBXFileReference section */
		ED6D379C2AE8741E00BCF20B /* MeaningVC.swift */ = {isa = PBXFileReference; lastKnownFileType = sourcecode.swift; path = MeaningVC.swift; sourceTree = "<group>"; };
		EDA43EF02AE5EE0D00AF875F /* LearnNewWordsApp.app */ = {isa = PBXFileReference; explicitFileType = wrapper.application; includeInIndex = 0; path = LearnNewWordsApp.app; sourceTree = BUILT_PRODUCTS_DIR; };
		EDA43EF32AE5EE0D00AF875F /* AppDelegate.swift */ = {isa = PBXFileReference; lastKnownFileType = sourcecode.swift; path = AppDelegate.swift; sourceTree = "<group>"; };
		EDA43EF52AE5EE0D00AF875F /* SceneDelegate.swift */ = {isa = PBXFileReference; lastKnownFileType = sourcecode.swift; path = SceneDelegate.swift; sourceTree = "<group>"; };
		EDA43EF72AE5EE0D00AF875F /* MainVC.swift */ = {isa = PBXFileReference; lastKnownFileType = sourcecode.swift; path = MainVC.swift; sourceTree = "<group>"; };
		EDA43EFA2AE5EE0D00AF875F /* Base */ = {isa = PBXFileReference; lastKnownFileType = file.storyboard; name = Base; path = Base.lproj/Main.storyboard; sourceTree = "<group>"; };
		EDA43EFD2AE5EE0D00AF875F /* LearnNewWordsApp.xcdatamodel */ = {isa = PBXFileReference; lastKnownFileType = wrapper.xcdatamodel; path = LearnNewWordsApp.xcdatamodel; sourceTree = "<group>"; };
		EDA43EFF2AE5EE0F00AF875F /* Assets.xcassets */ = {isa = PBXFileReference; lastKnownFileType = folder.assetcatalog; path = Assets.xcassets; sourceTree = "<group>"; };
		EDA43F022AE5EE0F00AF875F /* Base */ = {isa = PBXFileReference; lastKnownFileType = file.storyboard; name = Base; path = Base.lproj/LaunchScreen.storyboard; sourceTree = "<group>"; };
		EDA43F042AE5EE0F00AF875F /* Info.plist */ = {isa = PBXFileReference; lastKnownFileType = text.plist.xml; path = Info.plist; sourceTree = "<group>"; };
		EDA43F0E2AE5F6C600AF875F /* WordModel.swift */ = {isa = PBXFileReference; lastKnownFileType = sourcecode.swift; path = WordModel.swift; sourceTree = "<group>"; };
		EDA43F102AE6937D00AF875F /* CoreDataService.swift */ = {isa = PBXFileReference; lastKnownFileType = sourcecode.swift; path = CoreDataService.swift; sourceTree = "<group>"; };
		EDA43F1A2AE696D700AF875F /* Words+CoreDataClass.swift */ = {isa = PBXFileReference; lastKnownFileType = sourcecode.swift; path = "Words+CoreDataClass.swift"; sourceTree = "<group>"; };
		EDA43F1B2AE696D700AF875F /* Words+CoreDataProperties.swift */ = {isa = PBXFileReference; lastKnownFileType = sourcecode.swift; path = "Words+CoreDataProperties.swift"; sourceTree = "<group>"; };
		EDA43F1E2AE6C63300AF875F /* AddAWordVC.swift */ = {isa = PBXFileReference; lastKnownFileType = sourcecode.swift; path = AddAWordVC.swift; sourceTree = "<group>"; };
		EDA43F202AE6EE5500AF875F /* WordModelView.swift */ = {isa = PBXFileReference; lastKnownFileType = sourcecode.swift; path = WordModelView.swift; sourceTree = "<group>"; };
		EDA43F242AE856E300AF875F /* SavedWordsListVC.swift */ = {isa = PBXFileReference; lastKnownFileType = sourcecode.swift; path = SavedWordsListVC.swift; sourceTree = "<group>"; };
/* End PBXFileReference section */

/* Begin PBXFrameworksBuildPhase section */
		EDA43EED2AE5EE0D00AF875F /* Frameworks */ = {
			isa = PBXFrameworksBuildPhase;
			buildActionMask = 2147483647;
			files = (
			);
			runOnlyForDeploymentPostprocessing = 0;
		};
/* End PBXFrameworksBuildPhase section */

/* Begin PBXGroup section */
		EDA43EE72AE5EE0D00AF875F = {
			isa = PBXGroup;
			children = (
				EDA43EF22AE5EE0D00AF875F /* LearnNewWordsApp */,
				EDA43EF12AE5EE0D00AF875F /* Products */,
			);
			sourceTree = "<group>";
		};
		EDA43EF12AE5EE0D00AF875F /* Products */ = {
			isa = PBXGroup;
			children = (
				EDA43EF02AE5EE0D00AF875F /* LearnNewWordsApp.app */,
			);
			name = Products;
			sourceTree = "<group>";
		};
		EDA43EF22AE5EE0D00AF875F /* LearnNewWordsApp */ = {
			isa = PBXGroup;
			children = (
				EDA43F0D2AE5EF3000AF875F /* Service */,
				EDA43F0C2AE5EF2C00AF875F /* Model */,
				EDA43F0B2AE5EF1E00AF875F /* ModelView */,
				EDA43F0A2AE5EF1700AF875F /* View */,
				EDA43EF92AE5EE0D00AF875F /* Main.storyboard */,
				EDA43EFF2AE5EE0F00AF875F /* Assets.xcassets */,
				EDA43F012AE5EE0F00AF875F /* LaunchScreen.storyboard */,
				EDA43F042AE5EE0F00AF875F /* Info.plist */,
				EDA43EFC2AE5EE0D00AF875F /* LearnNewWordsApp.xcdatamodeld */,
			);
			path = LearnNewWordsApp;
			sourceTree = "<group>";
		};
		EDA43F0A2AE5EF1700AF875F /* View */ = {
			isa = PBXGroup;
			children = (
				EDA43EF32AE5EE0D00AF875F /* AppDelegate.swift */,
				EDA43EF52AE5EE0D00AF875F /* SceneDelegate.swift */,
				EDA43EF72AE5EE0D00AF875F /* MainVC.swift */,
				EDA43F1E2AE6C63300AF875F /* AddAWordVC.swift */,
				EDA43F242AE856E300AF875F /* SavedWordsListVC.swift */,
				ED6D379C2AE8741E00BCF20B /* MeaningVC.swift */,
			);
			path = View;
			sourceTree = "<group>";
		};
		EDA43F0B2AE5EF1E00AF875F /* ModelView */ = {
			isa = PBXGroup;
			children = (
				EDA43F202AE6EE5500AF875F /* WordModelView.swift */,
			);
			path = ModelView;
			sourceTree = "<group>";
		};
		EDA43F0C2AE5EF2C00AF875F /* Model */ = {
			isa = PBXGroup;
			children = (
				EDA43F0E2AE5F6C600AF875F /* WordModel.swift */,
			);
			path = Model;
			sourceTree = "<group>";
		};
		EDA43F0D2AE5EF3000AF875F /* Service */ = {
			isa = PBXGroup;
			children = (
				EDA43F1A2AE696D700AF875F /* Words+CoreDataClass.swift */,
				EDA43F1B2AE696D700AF875F /* Words+CoreDataProperties.swift */,
				EDA43F102AE6937D00AF875F /* CoreDataService.swift */,
			);
			path = Service;
			sourceTree = "<group>";
		};
/* End PBXGroup section */

/* Begin PBXNativeTarget section */
		EDA43EEF2AE5EE0D00AF875F /* LearnNewWordsApp */ = {
			isa = PBXNativeTarget;
			buildConfigurationList = EDA43F072AE5EE0F00AF875F /* Build configuration list for PBXNativeTarget "LearnNewWordsApp" */;
			buildPhases = (
				EDA43EEC2AE5EE0D00AF875F /* Sources */,
				EDA43EED2AE5EE0D00AF875F /* Frameworks */,
				EDA43EEE2AE5EE0D00AF875F /* Resources */,
			);
			buildRules = (
			);
			dependencies = (
			);
			name = LearnNewWordsApp;
			productName = LearnNewWordsApp;
			productReference = EDA43EF02AE5EE0D00AF875F /* LearnNewWordsApp.app */;
			productType = "com.apple.product-type.application";
		};
/* End PBXNativeTarget section */

/* Begin PBXProject section */
		EDA43EE82AE5EE0D00AF875F /* Project object */ = {
			isa = PBXProject;
			attributes = {
				BuildIndependentTargetsInParallel = 1;
				LastSwiftUpdateCheck = 1430;
				LastUpgradeCheck = 1430;
				TargetAttributes = {
					EDA43EEF2AE5EE0D00AF875F = {
						CreatedOnToolsVersion = 14.3.1;
					};
				};
			};
			buildConfigurationList = EDA43EEB2AE5EE0D00AF875F /* Build configuration list for PBXProject "LearnNewWordsApp" */;
			compatibilityVersion = "Xcode 14.0";
			developmentRegion = en;
			hasScannedForEncodings = 0;
			knownRegions = (
				en,
				Base,
			);
			mainGroup = EDA43EE72AE5EE0D00AF875F;
			productRefGroup = EDA43EF12AE5EE0D00AF875F /* Products */;
			projectDirPath = "";
			projectRoot = "";
			targets = (
				EDA43EEF2AE5EE0D00AF875F /* LearnNewWordsApp */,
			);
		};
/* End PBXProject section */

/* Begin PBXResourcesBuildPhase section */
		EDA43EEE2AE5EE0D00AF875F /* Resources */ = {
			isa = PBXResourcesBuildPhase;
			buildActionMask = 2147483647;
			files = (
				EDA43F032AE5EE0F00AF875F /* LaunchScreen.storyboard in Resources */,
				EDA43F002AE5EE0F00AF875F /* Assets.xcassets in Resources */,
				EDA43EFB2AE5EE0D00AF875F /* Main.storyboard in Resources */,
			);
			runOnlyForDeploymentPostprocessing = 0;
		};
/* End PBXResourcesBuildPhase section */

/* Begin PBXSourcesBuildPhase section */
		EDA43EEC2AE5EE0D00AF875F /* Sources */ = {
			isa = PBXSourcesBuildPhase;
			buildActionMask = 2147483647;
			files = (
				EDA43EF82AE5EE0D00AF875F /* MainVC.swift in Sources */,
				EDA43F1C2AE696D700AF875F /* Words+CoreDataClass.swift in Sources */,
				ED6D379D2AE8741E00BCF20B /* MeaningVC.swift in Sources */,
				EDA43EFE2AE5EE0D00AF875F /* LearnNewWordsApp.xcdatamodeld in Sources */,
				EDA43F1F2AE6C63300AF875F /* AddAWordVC.swift in Sources */,
				EDA43F1D2AE696D700AF875F /* Words+CoreDataProperties.swift in Sources */,
				EDA43F252AE856E300AF875F /* SavedWordsListVC.swift in Sources */,
				EDA43EF42AE5EE0D00AF875F /* AppDelegate.swift in Sources */,
				EDA43EF62AE5EE0D00AF875F /* SceneDelegate.swift in Sources */,
				EDA43F112AE6937D00AF875F /* CoreDataService.swift in Sources */,
				EDA43F212AE6EE5500AF875F /* WordModelView.swift in Sources */,
				EDA43F0F2AE5F6C600AF875F /* WordModel.swift in Sources */,
			);
			runOnlyForDeploymentPostprocessing = 0;
		};
/* End PBXSourcesBuildPhase section */

/* Begin PBXVariantGroup section */
		EDA43EF92AE5EE0D00AF875F /* Main.storyboard */ = {
			isa = PBXVariantGroup;
			children = (
				EDA43EFA2AE5EE0D00AF875F /* Base */,
			);
			name = Main.storyboard;
			sourceTree = "<group>";
		};
		EDA43F012AE5EE0F00AF875F /* LaunchScreen.storyboard */ = {
			isa = PBXVariantGroup;
			children = (
				EDA43F022AE5EE0F00AF875F /* Base */,
			);
			name = LaunchScreen.storyboard;
			sourceTree = "<group>";
		};
/* End PBXVariantGroup section */

/* Begin XCBuildConfiguration section */
		EDA43F052AE5EE0F00AF875F /* Debug */ = {
			isa = XCBuildConfiguration;
			buildSettings = {
				ALWAYS_SEARCH_USER_PATHS = NO;
				CLANG_ANALYZER_NONNULL = YES;
				CLANG_ANALYZER_NUMBER_OBJECT_CONVERSION = YES_AGGRESSIVE;
				CLANG_CXX_LANGUAGE_STANDARD = "gnu++20";
				CLANG_ENABLE_MODULES = YES;
				CLANG_ENABLE_OBJC_ARC = YES;
				CLANG_ENABLE_OBJC_WEAK = YES;
				CLANG_WARN_BLOCK_CAPTURE_AUTORELEASING = YES;
				CLANG_WARN_BOOL_CONVERSION = YES;
				CLANG_WARN_COMMA = YES;
				CLANG_WARN_CONSTANT_CONVERSION = YES;
				CLANG_WARN_DEPRECATED_OBJC_IMPLEMENTATIONS = YES;
				CLANG_WARN_DIRECT_OBJC_ISA_USAGE = YES_ERROR;
				CLANG_WARN_DOCUMENTATION_COMMENTS = YES;
				CLANG_WARN_EMPTY_BODY = YES;
				CLANG_WARN_ENUM_CONVERSION = YES;
				CLANG_WARN_INFINITE_RECURSION = YES;
				CLANG_WARN_INT_CONVERSION = YES;
				CLANG_WARN_NON_LITERAL_NULL_CONVERSION = YES;
				CLANG_WARN_OBJC_IMPLICIT_RETAIN_SELF = YES;
				CLANG_WARN_OBJC_LITERAL_CONVERSION = YES;
				CLANG_WARN_OBJC_ROOT_CLASS = YES_ERROR;
				CLANG_WARN_QUOTED_INCLUDE_IN_FRAMEWORK_HEADER = YES;
				CLANG_WARN_RANGE_LOOP_ANALYSIS = YES;
				CLANG_WARN_STRICT_PROTOTYPES = YES;
				CLANG_WARN_SUSPICIOUS_MOVE = YES;
				CLANG_WARN_UNGUARDED_AVAILABILITY = YES_AGGRESSIVE;
				CLANG_WARN_UNREACHABLE_CODE = YES;
				CLANG_WARN__DUPLICATE_METHOD_MATCH = YES;
				COPY_PHASE_STRIP = NO;
				DEBUG_INFORMATION_FORMAT = dwarf;
				ENABLE_STRICT_OBJC_MSGSEND = YES;
				ENABLE_TESTABILITY = YES;
				GCC_C_LANGUAGE_STANDARD = gnu11;
				GCC_DYNAMIC_NO_PIC = NO;
				GCC_NO_COMMON_BLOCKS = YES;
				GCC_OPTIMIZATION_LEVEL = 0;
				GCC_PREPROCESSOR_DEFINITIONS = (
					"DEBUG=1",
					"$(inherited)",
				);
				GCC_WARN_64_TO_32_BIT_CONVERSION = YES;
				GCC_WARN_ABOUT_RETURN_TYPE = YES_ERROR;
				GCC_WARN_UNDECLARED_SELECTOR = YES;
				GCC_WARN_UNINITIALIZED_AUTOS = YES_AGGRESSIVE;
				GCC_WARN_UNUSED_FUNCTION = YES;
				GCC_WARN_UNUSED_VARIABLE = YES;
				IPHONEOS_DEPLOYMENT_TARGET = 16.4;
				MTL_ENABLE_DEBUG_INFO = INCLUDE_SOURCE;
				MTL_FAST_MATH = YES;
				ONLY_ACTIVE_ARCH = YES;
				SDKROOT = iphoneos;
				SWIFT_ACTIVE_COMPILATION_CONDITIONS = DEBUG;
				SWIFT_OPTIMIZATION_LEVEL = "-Onone";
			};
			name = Debug;
		};
		EDA43F062AE5EE0F00AF875F /* Release */ = {
			isa = XCBuildConfiguration;
			buildSettings = {
				ALWAYS_SEARCH_USER_PATHS = NO;
				CLANG_ANALYZER_NONNULL = YES;
				CLANG_ANALYZER_NUMBER_OBJECT_CONVERSION = YES_AGGRESSIVE;
				CLANG_CXX_LANGUAGE_STANDARD = "gnu++20";
				CLANG_ENABLE_MODULES = YES;
				CLANG_ENABLE_OBJC_ARC = YES;
				CLANG_ENABLE_OBJC_WEAK = YES;
				CLANG_WARN_BLOCK_CAPTURE_AUTORELEASING = YES;
				CLANG_WARN_BOOL_CONVERSION = YES;
				CLANG_WARN_COMMA = YES;
				CLANG_WARN_CONSTANT_CONVERSION = YES;
				CLANG_WARN_DEPRECATED_OBJC_IMPLEMENTATIONS = YES;
				CLANG_WARN_DIRECT_OBJC_ISA_USAGE = YES_ERROR;
				CLANG_WARN_DOCUMENTATION_COMMENTS = YES;
				CLANG_WARN_EMPTY_BODY = YES;
				CLANG_WARN_ENUM_CONVERSION = YES;
				CLANG_WARN_INFINITE_RECURSION = YES;
				CLANG_WARN_INT_CONVERSION = YES;
				CLANG_WARN_NON_LITERAL_NULL_CONVERSION = YES;
				CLANG_WARN_OBJC_IMPLICIT_RETAIN_SELF = YES;
				CLANG_WARN_OBJC_LITERAL_CONVERSION = YES;
				CLANG_WARN_OBJC_ROOT_CLASS = YES_ERROR;
				CLANG_WARN_QUOTED_INCLUDE_IN_FRAMEWORK_HEADER = YES;
				CLANG_WARN_RANGE_LOOP_ANALYSIS = YES;
				CLANG_WARN_STRICT_PROTOTYPES = YES;
				CLANG_WARN_SUSPICIOUS_MOVE = YES;
				CLANG_WARN_UNGUARDED_AVAILABILITY = YES_AGGRESSIVE;
				CLANG_WARN_UNREACHABLE_CODE = YES;
				CLANG_WARN__DUPLICATE_METHOD_MATCH = YES;
				COPY_PHASE_STRIP = NO;
				DEBUG_INFORMATION_FORMAT = "dwarf-with-dsym";
				ENABLE_NS_ASSERTIONS = NO;
				ENABLE_STRICT_OBJC_MSGSEND = YES;
				GCC_C_LANGUAGE_STANDARD = gnu11;
				GCC_NO_COMMON_BLOCKS = YES;
				GCC_WARN_64_TO_32_BIT_CONVERSION = YES;
				GCC_WARN_ABOUT_RETURN_TYPE = YES_ERROR;
				GCC_WARN_UNDECLARED_SELECTOR = YES;
				GCC_WARN_UNINITIALIZED_AUTOS = YES_AGGRESSIVE;
				GCC_WARN_UNUSED_FUNCTION = YES;
				GCC_WARN_UNUSED_VARIABLE = YES;
				IPHONEOS_DEPLOYMENT_TARGET = 16.4;
				MTL_ENABLE_DEBUG_INFO = NO;
				MTL_FAST_MATH = YES;
				SDKROOT = iphoneos;
				SWIFT_COMPILATION_MODE = wholemodule;
				SWIFT_OPTIMIZATION_LEVEL = "-O";
				VALIDATE_PRODUCT = YES;
			};
			name = Release;
		};
		EDA43F082AE5EE0F00AF875F /* Debug */ = {
			isa = XCBuildConfiguration;
			buildSettings = {
				ASSETCATALOG_COMPILER_APPICON_NAME = AppIcon;
				ASSETCATALOG_COMPILER_GLOBAL_ACCENT_COLOR_NAME = AccentColor;
				CODE_SIGN_STYLE = Automatic;
				CURRENT_PROJECT_VERSION = 1;
				GENERATE_INFOPLIST_FILE = YES;
				INFOPLIST_FILE = LearnNewWordsApp/Info.plist;
				INFOPLIST_KEY_UIApplicationSupportsIndirectInputEvents = YES;
				INFOPLIST_KEY_UILaunchStoryboardName = LaunchScreen;
				INFOPLIST_KEY_UIMainStoryboardFile = Main;
				INFOPLIST_KEY_UISupportedInterfaceOrientations_iPad = "UIInterfaceOrientationPortrait UIInterfaceOrientationPortraitUpsideDown UIInterfaceOrientationLandscapeLeft UIInterfaceOrientationLandscapeRight";
				INFOPLIST_KEY_UISupportedInterfaceOrientations_iPhone = "UIInterfaceOrientationPortrait UIInterfaceOrientationLandscapeLeft UIInterfaceOrientationLandscapeRight";
				LD_RUNPATH_SEARCH_PATHS = (
					"$(inherited)",
					"@executable_path/Frameworks",
				);
				MARKETING_VERSION = 1.0;
				PRODUCT_BUNDLE_IDENTIFIER = com.yalmazguray.LearnNewWordsApp;
				PRODUCT_NAME = "$(TARGET_NAME)";
				SWIFT_EMIT_LOC_STRINGS = YES;
				SWIFT_VERSION = 5.0;
				TARGETED_DEVICE_FAMILY = "1,2";
			};
			name = Debug;
		};
		EDA43F092AE5EE0F00AF875F /* Release */ = {
			isa = XCBuildConfiguration;
			buildSettings = {
				ASSETCATALOG_COMPILER_APPICON_NAME = AppIcon;
				ASSETCATALOG_COMPILER_GLOBAL_ACCENT_COLOR_NAME = AccentColor;
				CODE_SIGN_STYLE = Automatic;
				CURRENT_PROJECT_VERSION = 1;
				GENERATE_INFOPLIST_FILE = YES;
				INFOPLIST_FILE = LearnNewWordsApp/Info.plist;
				INFOPLIST_KEY_UIApplicationSupportsIndirectInputEvents = YES;
				INFOPLIST_KEY_UILaunchStoryboardName = LaunchScreen;
				INFOPLIST_KEY_UIMainStoryboardFile = Main;
				INFOPLIST_KEY_UISupportedInterfaceOrientations_iPad = "UIInterfaceOrientationPortrait UIInterfaceOrientationPortraitUpsideDown UIInterfaceOrientationLandscapeLeft UIInterfaceOrientationLandscapeRight";
				INFOPLIST_KEY_UISupportedInterfaceOrientations_iPhone = "UIInterfaceOrientationPortrait UIInterfaceOrientationLandscapeLeft UIInterfaceOrientationLandscapeRight";
				LD_RUNPATH_SEARCH_PATHS = (
					"$(inherited)",
					"@executable_path/Frameworks",
				);
				MARKETING_VERSION = 1.0;
				PRODUCT_BUNDLE_IDENTIFIER = com.yalmazguray.LearnNewWordsApp;
				PRODUCT_NAME = "$(TARGET_NAME)";
				SWIFT_EMIT_LOC_STRINGS = YES;
				SWIFT_VERSION = 5.0;
				TARGETED_DEVICE_FAMILY = "1,2";
			};
			name = Release;
		};
/* End XCBuildConfiguration section */

/* Begin XCConfigurationList section */
		EDA43EEB2AE5EE0D00AF875F /* Build configuration list for PBXProject "LearnNewWordsApp" */ = {
			isa = XCConfigurationList;
			buildConfigurations = (
				EDA43F052AE5EE0F00AF875F /* Debug */,
				EDA43F062AE5EE0F00AF875F /* Release */,
			);
			defaultConfigurationIsVisible = 0;
			defaultConfigurationName = Release;
		};
		EDA43F072AE5EE0F00AF875F /* Build configuration list for PBXNativeTarget "LearnNewWordsApp" */ = {
			isa = XCConfigurationList;
			buildConfigurations = (
				EDA43F082AE5EE0F00AF875F /* Debug */,
				EDA43F092AE5EE0F00AF875F /* Release */,
			);
			defaultConfigurationIsVisible = 0;
			defaultConfigurationName = Release;
		};
/* End XCConfigurationList section */

/* Begin XCVersionGroup section */
		EDA43EFC2AE5EE0D00AF875F /* LearnNewWordsApp.xcdatamodeld */ = {
			isa = XCVersionGroup;
			children = (
				EDA43EFD2AE5EE0D00AF875F /* LearnNewWordsApp.xcdatamodel */,
			);
			currentVersion = EDA43EFD2AE5EE0D00AF875F /* LearnNewWordsApp.xcdatamodel */;
			path = LearnNewWordsApp.xcdatamodeld;
			sourceTree = "<group>";
			versionGroupType = wrapper.xcdatamodel;
		};
/* End XCVersionGroup section */
	};
	rootObject = EDA43EE82AE5EE0D00AF875F /* Project object */;
}
